<?xml version="1.0" encoding="utf-8"?>
<Project ToolsVersion="4.0" xmlns="http://schemas.microsoft.com/developer/msbuild/2003">
  <ItemGroup>
    <Filter Include="Source Files">
      <UniqueIdentifier>{4FC737F1-C7A5-4376-A066-2A32D752A2FF}</UniqueIdentifier>
      <Extensions>cpp;c;cc;cxx;def;odl;idl;hpj;bat;asm;asmx</Extensions>
    </Filter>
    <Filter Include="Header Files">
      <UniqueIdentifier>{93995380-89BD-4b04-88EB-625FBE52EBFB}</UniqueIdentifier>
      <Extensions>h;hh;hpp;hxx;hm;inl;inc;xsd</Extensions>
    </Filter>
    <Filter Include="Resource Files">
      <UniqueIdentifier>{67DA6AB6-F800-4c08-8B7A-83BB121AAD01}</UniqueIdentifier>
      <Extensions>rc;ico;cur;bmp;dlg;rc2;rct;bin;rgs;gif;jpg;jpeg;jpe;resx;tiff;tif;png;wav;mfcribbon-ms</Extensions>
    </Filter>
  </ItemGroup>
  <ItemGroup>
    <ClInclude Include="Color.h">
      <Filter>Header Files</Filter>
    </ClInclude>
    <ClInclude Include="D3D_Conversion.h">
      <Filter>Header Files</Filter>
    </ClInclude>
    <ClInclude Include="D3D_CreationInterface.h">
      <Filter>Header Files</Filter>
    </ClInclude>
    <ClInclude Include="D3D_Interface.h">
      <Filter>Header Files</Filter>
    </ClInclude>
    <ClInclude Include="DIS_Adapter.h">
      <Filter>Header Files</Filter>
    </ClInclude>
    <ClInclude Include="DIS_BaseSurface.h">
      <Filter>Header Files</Filter>
    </ClInclude>
    <ClInclude Include="DIS_CreationInterface.h">
      <Filter>Header Files</Filter>
    </ClInclude>
    <ClInclude Include="DIS_D3DSurface.h">
      <Filter>Header Files</Filter>
    </ClInclude>
    <ClInclude Include="DIS_Device.h">
      <Filter>Header Files</Filter>
    </ClInclude>
    <ClInclude Include="DIS_Effect.h">
      <Filter>Header Files</Filter>
    </ClInclude>
    <ClInclude Include="DIS_Math.h">
      <Filter>Header Files</Filter>
    </ClInclude>
    <ClInclude Include="DIS_Mesh.h">
      <Filter>Header Files</Filter>
    </ClInclude>
    <ClInclude Include="DIS_RenderStates.h">
      <Filter>Header Files</Filter>
    </ClInclude>
    <ClInclude Include="DIS_Resource.h">
      <Filter>Header Files</Filter>
    </ClInclude>
    <ClInclude Include="DIS_ResourceTypes.h">
      <Filter>Header Files</Filter>
    </ClInclude>
    <ClInclude Include="DIS_Surface.h">
      <Filter>Header Files</Filter>
    </ClInclude>
    <ClInclude Include="DIS_TextureFormatStructs.h">
      <Filter>Header Files</Filter>
    </ClInclude>
    <ClInclude Include="DISX_Texture.h">
      <Filter>Header Files</Filter>
    </ClInclude>
    <ClInclude Include="IMG_ImageSurf.h">
      <Filter>Header Files</Filter>
    </ClInclude>
    <ClInclude Include="IMG_Interface.h">
      <Filter>Header Files</Filter>
    </ClInclude>
    <ClInclude Include="IMG_LoadFromFile.h">
      <Filter>Header Files</Filter>
    </ClInclude>
    <ClInclude Include="DISX_Shader.h">
      <Filter>Header Files</Filter>
    </ClInclude>
    <ClInclude Include="IMG_FreeImageInterface.h">
      <Filter>Header Files</Filter>
    </ClInclude>
  </ItemGroup>
  <ItemGroup>
    <ClCompile Include="D3D_Conversion.cpp">
      <Filter>Source Files</Filter>
    </ClCompile>
    <ClCompile Include="D3D_CreationInterface.cpp">
      <Filter>Source Files</Filter>
    </ClCompile>
    <ClCompile Include="D3D_Interface.cpp">
      <Filter>Source Files</Filter>
    </ClCompile>
    <ClCompile Include="DIS_CreationInterface.cpp">
      <Filter>Source Files</Filter>
    </ClCompile>
    <ClCompile Include="DIS_D3DSurface.cpp">
      <Filter>Source Files</Filter>
    </ClCompile>
    <ClCompile Include="DIS_Device.cpp">
      <Filter>Source Files</Filter>
    </ClCompile>
    <ClCompile Include="DIS_Effect.cpp">
      <Filter>Source Files</Filter>
    </ClCompile>
    <ClCompile Include="DIS_Math.cpp">
      <Filter>Source Files</Filter>
    </ClCompile>
    <ClCompile Include="DIS_ResourceTypes.cpp">
      <Filter>Source Files</Filter>
    </ClCompile>
    <ClCompile Include="DIS_Surface.cpp">
      <Filter>Source Files</Filter>
    </ClCompile>
    <ClCompile Include="DISX_Texture.cpp">
      <Filter>Source Files</Filter>
    </ClCompile>
    <ClCompile Include="IMG_LoadIFromFile.cpp">
      <Filter>Source Files</Filter>
    </ClCompile>
    <ClCompile Include="IMG_FreeImageInterface.cpp">
      <Filter>Source Files</Filter>
    </ClCompile>
  </ItemGroup>
  <ItemGroup>
    <None Include="DIS_Math.inl">
      <Filter>Header Files</Filter>
    </None>
  </ItemGroup>
</Project>